
Microsoft Visual Studio Solution File, Format Version 12.00
# Visual Studio Version 17
VisualStudioVersion = 17.4.33213.308
MinimumVisualStudioVersion = 10.0.40219.1
Project("{FAE04EC0-301F-11D3-BF4B-00C04F79EFBC}") = "AuthSystem", "AuthSystem\AuthSystem.csproj", "{2F40B22D-ADD9-42A1-8393-845E42265128}"
EndProject
Project("{2150E333-8FDC-42A3-9474-1A3956D46DE8}") = "Solution Items", "Solution Items", "{32B9D481-EA2D-4FD2-AA02-9AAB6B55E9D3}"
	ProjectSection(SolutionItems) = preProject
		.editorconfig = .editorconfig
	EndProjectSection
EndProject
Global
	GlobalSection(SolutionConfigurationPlatforms) = preSolution
		Debug|Any CPU = Debug|Any CPU
		Release|Any CPU = Release|Any CPU
	EndGlobalSection
	GlobalSection(ProjectConfigurationPlatforms) = postSolution
		{2F40B22D-ADD9-42A1-8393-845E42265128}.Debug|Any CPU.ActiveCfg = Debug|Any CPU
		{2F40B22D-ADD9-42A1-8393-845E42265128}.Debug|Any CPU.Build.0 = Debug|Any CPU
		{2F40B22D-ADD9-42A1-8393-845E42265128}.Release|Any CPU.ActiveCfg = Release|Any CPU
		{2F40B22D-ADD9-42A1-8393-845E42265128}.Release|Any CPU.Build.0 = Release|Any CPU
	EndGlobalSection
	GlobalSection(SolutionProperties) = preSolution
		HideSolutionNode = FALSE
	EndGlobalSection
	GlobalSection(ExtensibilityGlobals) = postSolution
		SolutionGuid = {10387511-2B91-4F3D-95DF-9FE7106C2640}
	EndGlobalSection
EndGlobal
